<?xml version="1.0" encoding="utf-8"?>
<Project ToolsVersion="4.0" xmlns="http://schemas.microsoft.com/developer/msbuild/2003">
  <ItemGroup>
    <Filter Include="Include">
      <UniqueIdentifier>{5fe582fc-bdb6-4f21-b5f1-1fbaebf7c1ca}</UniqueIdentifier>
    </Filter>
    <Filter Include="Source">
      <UniqueIdentifier>{2522f93e-fbb6-4238-b80b-b2cdc99e2406}</UniqueIdentifier>
    </Filter>
    <Filter Include="GLSL">
      <UniqueIdentifier>{86933419-2794-4fb2-a060-530f360b46a4}</UniqueIdentifier>
    </Filter>
    <Filter Include="Note">
      <UniqueIdentifier>{dbb53f05-0a4f-4beb-9ee2-fdd959a40d79}</UniqueIdentifier>
    </Filter>
    <Filter Include="Source\Part1">
      <UniqueIdentifier>{e93f1553-d6b4-4d2b-8a94-1f0d2ac863c2}</UniqueIdentifier>
    </Filter>
    <Filter Include="Include\Part1">
      <UniqueIdentifier>{2c6c7c68-0333-4277-86bd-ce23aacaff3e}</UniqueIdentifier>
    </Filter>
    <Filter Include="Source\Program">
      <UniqueIdentifier>{1b50980c-f356-47c7-98b2-95b2a95902a0}</UniqueIdentifier>
    </Filter>
    <Filter Include="Include\Program">
      <UniqueIdentifier>{84d5e1d9-01d6-4361-9bd4-7a4a41c24559}</UniqueIdentifier>
    </Filter>
    <Filter Include="Source\Common">
      <UniqueIdentifier>{7f8c8279-7ea8-4078-ae6a-2fbdd93a2007}</UniqueIdentifier>
    </Filter>
    <Filter Include="Source\Texture">
      <UniqueIdentifier>{d57a7cc1-7b28-4c6e-a45a-2beb3b15906c}</UniqueIdentifier>
    </Filter>
    <Filter Include="Resource">
      <UniqueIdentifier>{708fe20b-485a-4a3c-aa56-5eb0c304cb34}</UniqueIdentifier>
    </Filter>
    <Filter Include="Include\Common">
      <UniqueIdentifier>{fdfedbdd-ea06-46a0-be6b-859eeeef5762}</UniqueIdentifier>
    </Filter>
    <Filter Include="shader">
      <UniqueIdentifier>{1f101ba0-91fd-4841-8775-fcb37ab8b4d9}</UniqueIdentifier>
    </Filter>
  </ItemGroup>
  <ItemGroup>
    <ClCompile Include="src\glad.c">
      <Filter>Source\Part1</Filter>
    </ClCompile>
    <ClCompile Include="src\Part1.cpp">
      <Filter>Source\Part1</Filter>
    </ClCompile>
    <ClCompile Include="src\program\shader.cpp">
      <Filter>Source\Program</Filter>
    </ClCompile>
    <ClCompile Include="src\common\TextureSample.cpp">
      <Filter>Source\Texture</Filter>
    </ClCompile>
    <ClCompile Include="src\common\gl_common.cpp">
      <Filter>Source\Common</Filter>
    </ClCompile>
    <ClCompile Include="src\common\TextureSample3D.cpp" />
  </ItemGroup>
  <ItemGroup>
    <None Include="笔记.md">
      <Filter>Note</Filter>
    </None>
    <None Include="Part1Vertice.glsl">
      <Filter>GLSL</Filter>
    </None>
    <None Include="shaders\texture-sample.frag">
      <Filter>shader</Filter>
    </None>
    <None Include="shaders\texture-sample.vert">
      <Filter>shader</Filter>
    </None>
    <None Include="shaders\camera\camera.frag" />
    <None Include="shaders\camera\camera.vert" />
  </ItemGroup>
  <ItemGroup>
    <ClInclude Include="include\Part1.h">
      <Filter>Include\Part1</Filter>
    </ClInclude>
    <ClInclude Include="include\Program\shader.h">
      <Filter>Include\Program</Filter>
    </ClInclude>
    <ClInclude Include="include\stb_image.h">
      <Filter>Include</Filter>
    </ClInclude>
    <ClInclude Include="include\common\TextureSample.h">
      <Filter>Include\Common</Filter>
    </ClInclude>
    <ClInclude Include="include\common\gl_common.h">
      <Filter>Include\Common</Filter>
    </ClInclude>
    <ClInclude Include="include\common\base.h">
      <Filter>Include\Common</Filter>
    </ClInclude>
    <ClInclude Include="include\glm\**\*" />
    <ClInclude Include="include\glm\**\*" />
    <ClInclude Include="include\glm\**\*" />
    <ClInclude Include="include\glm\**\*" />
    <ClInclude Include="include\glm\**\*" />
    <ClInclude Include="include\glm\**\*" />
    <ClInclude Include="include\glm\**\*" />
    <ClInclude Include="include\glm\**\*" />
    <ClInclude Include="include\glm\**\*" />
    <ClInclude Include="include\glm\**\*" />
    <ClInclude Include="include\glm\**\*" />
    <ClInclude Include="include\glm\**\*" />
    <ClInclude Include="include\glm\**\*" />
    <ClInclude Include="include\glm\**\*" />
    <ClInclude Include="include\glm\**\*" />
    <ClInclude Include="include\glm\**\*" />
    <ClInclude Include="include\glm\**\*" />
    <ClInclude Include="include\glm\**\*" />
    <ClInclude Include="include\glm\**\*" />
    <ClInclude Include="include\glm\**\*" />
    <ClInclude Include="include\glm\**\*" />
    <ClInclude Include="include\glm\**\*" />
    <ClInclude Include="include\glm\**\*" />
    <ClInclude Include="include\glm\**\*" />
    <ClInclude Include="include\glm\**\*" />
    <ClInclude Include="include\glm\**\*" />
    <ClInclude Include="include\glm\**\*" />
    <ClInclude Include="include\glm\**\*" />
    <ClInclude Include="include\glm\**\*" />
    <ClInclude Include="include\glm\**\*" />
    <ClInclude Include="include\glm\**\*" />
    <ClInclude Include="include\glm\**\*" />
    <ClInclude Include="include\glm\**\*" />
    <ClInclude Include="include\glm\**\*" />
    <ClInclude Include="include\glm\**\*" />
    <ClInclude Include="include\glm\**\*" />
    <ClInclude Include="include\glm\**\*" />
    <ClInclude Include="include\glm\**\*" />
    <ClInclude Include="include\glm\**\*" />
    <ClInclude Include="include\glm\**\*" />
    <ClInclude Include="include\glm\**\*" />
    <ClInclude Include="include\glm\**\*" />
    <ClInclude Include="include\glm\**\*" />
    <ClInclude Include="include\glm\**\*" />
    <ClInclude Include="include\glm\**\*" />
    <ClInclude Include="include\glm\**\*" />
    <ClInclude Include="include\glm\**\*" />
    <ClInclude Include="include\glm\**\*" />
    <ClInclude Include="include\glm\**\*" />
    <ClInclude Include="include\glm\**\*" />
    <ClInclude Include="include\glm\**\*" />
    <ClInclude Include="include\glm\**\*" />
    <ClInclude Include="include\glm\**\*" />
    <ClInclude Include="include\glm\**\*" />
    <ClInclude Include="include\glm\**\*" />
    <ClInclude Include="include\glm\**\*" />
    <ClInclude Include="include\glm\**\*" />
    <ClInclude Include="include\glm\**\*" />
    <ClInclude Include="include\glm\**\*" />
    <ClInclude Include="include\glm\**\*" />
    <ClInclude Include="include\glm\**\*" />
    <ClInclude Include="include\glm\**\*" />
    <ClInclude Include="include\glm\**\*" />
    <ClInclude Include="include\glm\**\*" />
    <ClInclude Include="include\glm\**\*" />
    <ClInclude Include="include\glm\**\*" />
    <ClInclude Include="include\glm\**\*" />
    <ClInclude Include="include\glm\**\*" />
    <ClInclude Include="include\glm\**\*" />
    <ClInclude Include="include\glm\**\*" />
    <ClInclude Include="include\glm\**\*" />
    <ClInclude Include="include\glm\**\*" />
    <ClInclude Include="include\glm\**\*" />
    <ClInclude Include="include\glm\**\*" />
    <ClInclude Include="include\glm\**\*" />
    <ClInclude Include="include\glm\**\*" />
    <ClInclude Include="include\glm\**\*" />
    <ClInclude Include="include\glm\**\*" />
    <ClInclude Include="include\glm\**\*" />
    <ClInclude Include="include\glm\**\*" />
    <ClInclude Include="include\glm\**\*" />
    <ClInclude Include="include\glm\**\*" />
    <ClInclude Include="include\glm\**\*" />
    <ClInclude Include="include\glm\**\*" />
    <ClInclude Include="include\glm\**\*" />
    <ClInclude Include="include\glm\**\*" />
    <ClInclude Include="include\glm\**\*" />
    <ClInclude Include="include\glm\**\*" />
    <ClInclude Include="include\glm\**\*" />
    <ClInclude Include="include\glm\**\*" />
    <ClInclude Include="include\glm\**\*" />
    <ClInclude Include="include\glm\**\*" />
    <ClInclude Include="include\glm\**\*" />
    <ClInclude Include="include\glm\**\*" />
    <ClInclude Include="include\glm\**\*" />
    <ClInclude Include="include\glm\**\*" />
    <ClInclude Include="include\glm\**\*" />
    <ClInclude Include="include\glm\**\*" />
    <ClInclude Include="include\glm\**\*" />
    <ClInclude Include="include\glm\**\*" />
    <ClInclude Include="include\glm\**\*" />
    <ClInclude Include="include\glm\**\*" />
    <ClInclude Include="include\glm\**\*" />
    <ClInclude Include="include\glm\**\*" />
    <ClInclude Include="include\glm\**\*" />
    <ClInclude Include="include\glm\**\*" />
    <ClInclude Include="include\glm\**\*" />
    <ClInclude Include="include\glm\**\*" />
    <ClInclude Include="include\glm\**\*" />
    <ClInclude Include="include\glm\**\*" />
    <ClInclude Include="include\glm\**\*" />
    <ClInclude Include="include\glm\**\*" />
    <ClInclude Include="include\glm\**\*" />
    <ClInclude Include="include\glm\**\*" />
    <ClInclude Include="include\glm\**\*" />
    <ClInclude Include="include\glm\**\*" />
    <ClInclude Include="include\glm\**\*" />
    <ClInclude Include="include\glm\**\*" />
    <ClInclude Include="include\glm\**\*" />
    <ClInclude Include="include\glm\**\*" />
    <ClInclude Include="include\glm\**\*" />
    <ClInclude Include="include\glm\**\*" />
    <ClInclude Include="include\glm\**\*" />
    <ClInclude Include="include\glm\**\*" />
    <ClInclude Include="include\glm\**\*" />
    <ClInclude Include="include\glm\**\*" />
    <ClInclude Include="include\glm\**\*" />
    <ClInclude Include="include\glm\**\*" />
    <ClInclude Include="include\glm\**\*" />
    <ClInclude Include="include\glm\**\*" />
    <ClInclude Include="include\glm\**\*" />
    <ClInclude Include="include\glm\**\*" />
    <ClInclude Include="include\glm\**\*" />
    <ClInclude Include="include\glm\**\*" />
    <ClInclude Include="include\glm\**\*" />
    <ClInclude Include="include\glm\**\*" />
    <ClInclude Include="include\glm\**\*" />
    <ClInclude Include="include\glm\**\*" />
    <ClInclude Include="include\glm\**\*" />
    <ClInclude Include="include\glm\**\*" />
    <ClInclude Include="include\glm\**\*" />
    <ClInclude Include="include\glm\**\*" />
    <ClInclude Include="include\glm\**\*" />
    <ClInclude Include="include\glm\**\*" />
    <ClInclude Include="include\glm\**\*" />
    <ClInclude Include="include\glm\**\*" />
    <ClInclude Include="include\glm\**\*" />
    <ClInclude Include="include\glm\**\*" />
    <ClInclude Include="include\glm\**\*" />
    <ClInclude Include="include\glm\**\*" />
    <ClInclude Include="include\glm\**\*" />
    <ClInclude Include="include\glm\**\*" />
    <ClInclude Include="include\glm\**\*" />
    <ClInclude Include="include\glm\**\*" />
    <ClInclude Include="include\glm\**\*" />
    <ClInclude Include="include\glm\**\*" />
    <ClInclude Include="include\glm\**\*" />
    <ClInclude Include="include\glm\**\*" />
    <ClInclude Include="include\glm\**\*" />
    <ClInclude Include="include\glm\**\*" />
    <ClInclude Include="include\glm\**\*" />
    <ClInclude Include="include\glm\**\*" />
    <ClInclude Include="include\glm\**\*" />
    <ClInclude Include="include\glm\**\*" />
    <ClInclude Include="include\glm\**\*" />
    <ClInclude Include="include\glm\**\*" />
    <ClInclude Include="include\glm\**\*" />
    <ClInclude Include="include\glm\**\*" />
    <ClInclude Include="include\glm\**\*" />
    <ClInclude Include="include\glm\**\*" />
    <ClInclude Include="include\glm\**\*" />
    <ClInclude Include="include\glm\**\*" />
    <ClInclude Include="include\glm\**\*" />
    <ClInclude Include="include\glm\**\*" />
    <ClInclude Include="include\glm\**\*" />
    <ClInclude Include="include\glm\**\*" />
    <ClInclude Include="include\glm\**\*" />
    <ClInclude Include="include\glm\**\*" />
    <ClInclude Include="include\glm\**\*" />
    <ClInclude Include="include\glm\**\*" />
    <ClInclude Include="include\glm\**\*" />
    <ClInclude Include="include\glm\**\*" />
    <ClInclude Include="include\glm\**\*" />
    <ClInclude Include="include\glm\**\*" />
    <ClInclude Include="include\glm\**\*" />
    <ClInclude Include="include\glm\**\*" />
    <ClInclude Include="include\glm\**\*" />
    <ClInclude Include="include\glm\**\*" />
    <ClInclude Include="include\glm\**\*" />
    <ClInclude Include="include\glm\**\*" />
    <ClInclude Include="include\glm\**\*" />
    <ClInclude Include="include\glm\**\*" />
    <ClInclude Include="include\glm\**\*" />
    <ClInclude Include="include\glm\**\*" />
    <ClInclude Include="include\glm\**\*" />
    <ClInclude Include="include\glm\**\*" />
    <ClInclude Include="include\glm\**\*" />
    <ClInclude Include="include\glm\**\*" />
    <ClInclude Include="include\glm\**\*" />
    <ClInclude Include="include\glm\**\*" />
    <ClInclude Include="include\glm\**\*" />
    <ClInclude Include="include\glm\**\*" />
    <ClInclude Include="include\glm\**\*" />
    <ClInclude Include="include\glm\**\*" />
    <ClInclude Include="include\glm\**\*" />
    <ClInclude Include="include\glm\**\*" />
    <ClInclude Include="include\glm\**\*" />
    <ClInclude Include="include\glm\**\*" />
    <ClInclude Include="include\glm\**\*" />
    <ClInclude Include="include\glm\**\*" />
    <ClInclude Include="include\glm\**\*" />
    <ClInclude Include="include\glm\**\*" />
    <ClInclude Include="include\glm\**\*" />
    <ClInclude Include="include\glm\**\*" />
    <ClInclude Include="include\glm\**\*" />
    <ClInclude Include="include\glm\**\*" />
    <ClInclude Include="include\glm\**\*" />
    <ClInclude Include="include\glm\**\*" />
    <ClInclude Include="include\glm\**\*" />
    <ClInclude Include="include\glm\**\*" />
    <ClInclude Include="include\glm\**\*" />
    <ClInclude Include="include\glm\**\*" />
    <ClInclude Include="include\glm\**\*" />
    <ClInclude Include="include\glm\**\*" />
    <ClInclude Include="include\glm\**\*" />
    <ClInclude Include="include\glm\**\*" />
    <ClInclude Include="include\glm\**\*" />
    <ClInclude Include="include\glm\**\*" />
    <ClInclude Include="include\glm\**\*" />
    <ClInclude Include="include\glm\**\*" />
    <ClInclude Include="include\glm\**\*" />
    <ClInclude Include="include\glm\**\*" />
    <ClInclude Include="include\glm\**\*" />
    <ClInclude Include="include\glm\**\*" />
    <ClInclude Include="include\glm\**\*" />
    <ClInclude Include="include\glm\**\*" />
    <ClInclude Include="include\glm\**\*" />
    <ClInclude Include="include\glm\**\*" />
    <ClInclude Include="include\glm\**\*" />
    <ClInclude Include="include\glm\**\*" />
    <ClInclude Include="include\glm\**\*" />
    <ClInclude Include="include\glm\**\*" />
    <ClInclude Include="include\glm\**\*" />
    <ClInclude Include="include\glm\**\*" />
    <ClInclude Include="include\glm\**\*" />
    <ClInclude Include="include\glm\**\*" />
    <ClInclude Include="include\glm\**\*" />
    <ClInclude Include="include\glm\**\*" />
    <ClInclude Include="include\glm\**\*" />
    <ClInclude Include="include\glm\**\*" />
    <ClInclude Include="include\glm\**\*" />
    <ClInclude Include="include\glm\**\*" />
    <ClInclude Include="include\glm\**\*" />
    <ClInclude Include="include\glm\**\*" />
    <ClInclude Include="include\glm\**\*" />
    <ClInclude Include="include\glm\**\*" />
    <ClInclude Include="include\glm\**\*" />
    <ClInclude Include="include\glm\**\*" />
    <ClInclude Include="include\glm\**\*" />
    <ClInclude Include="include\glm\**\*" />
    <ClInclude Include="include\glm\**\*" />
    <ClInclude Include="include\glm\**\*" />
    <ClInclude Include="include\glm\**\*" />
    <ClInclude Include="include\glm\**\*" />
    <ClInclude Include="include\glm\**\*" />
    <ClInclude Include="include\glm\**\*" />
    <ClInclude Include="include\glm\**\*" />
    <ClInclude Include="include\glm\**\*" />
    <ClInclude Include="include\glm\**\*" />
    <ClInclude Include="include\glm\**\*" />
    <ClInclude Include="include\glm\**\*" />
    <ClInclude Include="include\glm\**\*" />
    <ClInclude Include="include\glm\**\*" />
    <ClInclude Include="include\glm\**\*" />
    <ClInclude Include="include\glm\**\*" />
    <ClInclude Include="include\glm\**\*" />
    <ClInclude Include="include\glm\**\*" />
    <ClInclude Include="include\glm\**\*" />
    <ClInclude Include="include\glm\**\*" />
    <ClInclude Include="include\glm\**\*" />
    <ClInclude Include="include\glm\**\*" />
    <ClInclude Include="include\glm\**\*" />
    <ClInclude Include="include\glm\**\*" />
    <ClInclude Include="include\glm\**\*" />
    <ClInclude Include="include\glm\**\*" />
    <ClInclude Include="include\glm\**\*" />
    <ClInclude Include="include\glm\**\*" />
    <ClInclude Include="include\glm\**\*" />
    <ClInclude Include="include\glm\**\*" />
    <ClInclude Include="include\glm\**\*" />
    <ClInclude Include="include\glm\**\*" />
    <ClInclude Include="include\glm\**\*" />
    <ClInclude Include="include\glm\**\*" />
    <ClInclude Include="include\glm\**\*" />
    <ClInclude Include="include\glm\**\*" />
    <ClInclude Include="include\glm\**\*" />
    <ClInclude Include="include\glm\**\*" />
    <ClInclude Include="include\glm\**\*" />
    <ClInclude Include="include\glm\**\*" />
    <ClInclude Include="include\glm\**\*" />
    <ClInclude Include="include\glm\**\*" />
    <ClInclude Include="include\glm\**\*" />
    <ClInclude Include="include\glm\**\*" />
    <ClInclude Include="include\glm\**\*" />
    <ClInclude Include="include\glm\**\*" />
    <ClInclude Include="include\glm\**\*" />
    <ClInclude Include="include\glm\**\*" />
    <ClInclude Include="include\glm\**\*" />
    <ClInclude Include="include\glm\**\*" />
    <ClInclude Include="include\glm\**\*" />
    <ClInclude Include="include\glm\**\*" />
    <ClInclude Include="include\glm\**\*" />
    <ClInclude Include="include\glm\**\*" />
    <ClInclude Include="include\glm\**\*" />
    <ClInclude Include="include\glm\**\*" />
    <ClInclude Include="include\glm\**\*" />
    <ClInclude Include="include\glm\**\*" />
    <ClInclude Include="include\glm\**\*" />
    <ClInclude Include="include\glm\**\*" />
    <ClInclude Include="include\glm\**\*" />
    <ClInclude Include="include\glm\**\*" />
    <ClInclude Include="include\glm\**\*" />
    <ClInclude Include="include\glm\**\*" />
    <ClInclude Include="include\glm\**\*" />
    <ClInclude Include="include\glm\**\*" />
    <ClInclude Include="include\glm\**\*" />
    <ClInclude Include="include\glm\**\*" />
    <ClInclude Include="include\glm\**\*" />
    <ClInclude Include="include\glm\**\*" />
    <ClInclude Include="include\glm\**\*" />
    <ClInclude Include="include\glm\**\*" />
    <ClInclude Include="include\glm\**\*" />
    <ClInclude Include="include\glm\**\*" />
    <ClInclude Include="include\glm\**\*" />
    <ClInclude Include="include\glm\**\*" />
    <ClInclude Include="include\glm\**\*" />
    <ClInclude Include="include\glm\**\*" />
    <ClInclude Include="include\glm\**\*" />
    <ClInclude Include="include\glm\**\*" />
    <ClInclude Include="include\glm\**\*" />
    <ClInclude Include="include\glm\**\*" />
    <ClInclude Include="include\glm\**\*" />
    <ClInclude Include="include\glm\**\*" />
    <ClInclude Include="include\glm\**\*" />
    <ClInclude Include="include\glm\**\*" />
    <ClInclude Include="include\glm\**\*" />
    <ClInclude Include="include\glm\**\*" />
    <ClInclude Include="include\glm\**\*" />
    <ClInclude Include="include\glm\**\*" />
    <ClInclude Include="include\glm\**\*" />
    <ClInclude Include="include\glm\**\*" />
    <ClInclude Include="include\glm\**\*" />
    <ClInclude Include="include\glm\**\*" />
    <ClInclude Include="include\glm\**\*" />
    <ClInclude Include="include\glm\**\*" />
    <ClInclude Include="include\glm\**\*" />
    <ClInclude Include="include\glm\**\*" />
    <ClInclude Include="include\glm\**\*" />
    <ClInclude Include="include\glm\**\*" />
    <ClInclude Include="include\glm\**\*" />
    <ClInclude Include="include\glm\**\*" />
    <ClInclude Include="include\glm\**\*" />
    <ClInclude Include="include\glm\**\*" />
    <ClInclude Include="include\glm\**\*" />
    <ClInclude Include="include\glm\**\*" />
    <ClInclude Include="include\glm\**\*" />
    <ClInclude Include="include\glm\**\*" />
    <ClInclude Include="include\glm\**\*" />
    <ClInclude Include="include\glm\**\*" />
    <ClInclude Include="include\glm\**\*" />
    <ClInclude Include="include\glm\**\*" />
    <ClInclude Include="include\glm\**\*" />
    <ClInclude Include="include\glm\**\*" />
    <ClInclude Include="include\glm\**\*" />
    <ClInclude Include="include\glm\**\*" />
    <ClInclude Include="include\glm\**\*" />
    <ClInclude Include="include\glm\**\*" />
    <ClInclude Include="include\glm\**\*" />
    <ClInclude Include="include\glm\**\*" />
    <ClInclude Include="include\glm\**\*" />
    <ClInclude Include="include\glm\**\*" />
    <ClInclude Include="include\glm\**\*" />
    <ClInclude Include="include\glm\**\*" />
    <ClInclude Include="include\glm\**\*" />
    <ClInclude Include="include\glm\**\*" />
    <ClInclude Include="include\glm\**\*" />
    <ClInclude Include="include\glm\**\*" />
    <ClInclude Include="include\glm\**\*" />
    <ClInclude Include="include\glm\**\*" />
    <ClInclude Include="include\glm\**\*" />
    <ClInclude Include="include\glm\**\*" />
    <ClInclude Include="include\glm\**\*" />
    <ClInclude Include="include\glm\**\*" />
    <ClInclude Include="include\glm\**\*" />
    <ClInclude Include="include\glm\**\*" />
    <ClInclude Include="include\glm\**\*" />
    <ClInclude Include="include\glm\**\*" />
    <ClInclude Include="include\glm\**\*" />
    <ClInclude Include="include\glm\**\*" />
    <ClInclude Include="include\glm\**\*" />
    <ClInclude Include="include\glm\**\*" />
    <ClInclude Include="include\glm\**\*" />
    <ClInclude Include="include\glm\**\*" />
    <ClInclude Include="include\glm\**\*" />
    <ClInclude Include="include\glm\**\*" />
    <ClInclude Include="include\glm\**\*" />
    <ClInclude Include="include\glm\**\*" />
    <ClInclude Include="include\glm\**\*" />
    <ClInclude Include="include\glm\**\*" />
    <ClInclude Include="include\glm\**\*" />
    <ClInclude Include="include\glm\**\*" />
    <ClInclude Include="include\glm\**\*" />
    <ClInclude Include="include\glm\**\*" />
    <ClInclude Include="include\glm\**\*" />
    <ClInclude Include="include\glm\**\*" />
    <ClInclude Include="include\glm\**\*" />
    <ClInclude Include="include\glm\**\*" />
    <ClInclude Include="include\glm\**\*" />
    <ClInclude Include="include\glm\**\*" />
    <ClInclude Include="include\glm\**\*" />
    <ClInclude Include="include\glm\**\*" />
    <ClInclude Include="include\glm\**\*" />
    <ClInclude Include="include\glm\**\*" />
    <ClInclude Include="include\glm\**\*" />
    <ClInclude Include="include\glm\**\*" />
    <ClInclude Include="include\glm\**\*" />
    <ClInclude Include="include\glm\**\*" />
    <ClInclude Include="include\glm\**\*" />
    <ClInclude Include="include\glm\**\*" />
    <ClInclude Include="include\glm\**\*" />
    <ClInclude Include="include\glm\**\*" />
    <ClInclude Include="include\glm\**\*" />
    <ClInclude Include="include\glm\**\*" />
    <ClInclude Include="include\glm\**\*" />
    <ClInclude Include="include\glm\**\*" />
    <ClInclude Include="include\glm\**\*" />
    <ClInclude Include="include\glm\**\*" />
    <ClInclude Include="include\glm\**\*" />
    <ClInclude Include="include\glm\**\*" />
    <ClInclude Include="include\glm\**\*" />
    <ClInclude Include="include\glm\**\*" />
    <ClInclude Include="include\glm\**\*" />
    <ClInclude Include="include\glm\**\*" />
    <ClInclude Include="include\glm\**\*" />
    <ClInclude Include="include\glm\**\*" />
    <ClInclude Include="include\glm\**\*" />
    <ClInclude Include="include\glm\**\*" />
    <ClInclude Include="include\glm\**\*" />
    <ClInclude Include="include\glm\**\*" />
    <ClInclude Include="include\glm\**\*" />
    <ClInclude Include="include\glm\**\*" />
    <ClInclude Include="include\glm\**\*" />
    <ClInclude Include="include\glm\**\*" />
    <ClInclude Include="include\glm\**\*" />
    <ClInclude Include="include\glm\**\*" />
    <ClInclude Include="include\glm\**\*" />
    <ClInclude Include="include\glm\**\*" />
    <ClInclude Include="include\glm\**\*" />
    <ClInclude Include="include\glm\**\*" />
    <ClInclude Include="include\glm\**\*" />
    <ClInclude Include="include\glm\**\*" />
    <ClInclude Include="include\glm\**\*" />
    <ClInclude Include="include\glm\**\*" />
    <ClInclude Include="include\glm\**\*" />
    <ClInclude Include="include\glm\**\*" />
    <ClInclude Include="include\glm\**\*" />
    <ClInclude Include="include\glm\**\*" />
    <ClInclude Include="include\glm\**\*" />
    <ClInclude Include="include\glm\**\*" />
    <ClInclude Include="include\glm\**\*" />
    <ClInclude Include="include\glm\**\*" />
    <ClInclude Include="include\glm\**\*" />
    <ClInclude Include="include\glm\**\*" />
    <ClInclude Include="include\glm\**\*" />
    <ClInclude Include="include\glm\**\*" />
    <ClInclude Include="include\glm\**\*" />
    <ClInclude Include="include\glm\**\*" />
    <ClInclude Include="include\glm\**\*" />
    <ClInclude Include="include\glm\**\*" />
    <ClInclude Include="include\glm\**\*" />
    <ClInclude Include="include\glm\**\*" />
    <ClInclude Include="include\glm\**\*" />
    <ClInclude Include="include\glm\**\*" />
    <ClInclude Include="include\glm\**\*" />
    <ClInclude Include="include\glm\**\*" />
    <ClInclude Include="include\glm\**\*" />
    <ClInclude Include="include\glm\**\*" />
    <ClInclude Include="include\glm\**\*" />
    <ClInclude Include="include\glm\**\*" />
    <ClInclude Include="include\glm\**\*" />
    <ClInclude Include="include\glm\**\*" />
    <ClInclude Include="include\glm\**\*" />
    <ClInclude Include="include\glm\**\*" />
    <ClInclude Include="include\glm\**\*" />
    <ClInclude Include="include\glm\**\*" />
    <ClInclude Include="include\glm\**\*" />
    <ClInclude Include="include\glm\**\*" />
    <ClInclude Include="include\glm\**\*" />
    <ClInclude Include="include\glm\**\*" />
    <ClInclude Include="include\glm\**\*" />
    <ClInclude Include="include\glm\**\*" />
    <ClInclude Include="include\glm\**\*" />
    <ClInclude Include="include\glm\**\*" />
    <ClInclude Include="include\glm\**\*" />
    <ClInclude Include="include\glm\**\*" />
    <ClInclude Include="include\glm\**\*" />
    <ClInclude Include="include\glm\**\*" />
    <ClInclude Include="include\glm\**\*" />
    <ClInclude Include="include\glm\**\*" />
    <ClInclude Include="include\glm\**\*" />
    <ClInclude Include="include\glm\**\*" />
    <ClInclude Include="include\glm\**\*" />
    <ClInclude Include="include\glm\**\*" />
    <ClInclude Include="include\glm\**\*" />
    <ClInclude Include="include\glm\**\*" />
    <ClInclude Include="include\glm\**\*" />
    <ClInclude Include="include\glm\**\*" />
    <ClInclude Include="include\glm\**\*" />
    <ClInclude Include="include\glm\**\*" />
    <ClInclude Include="include\glm\**\*" />
    <ClInclude Include="include\glm\**\*" />
    <ClInclude Include="include\glm\**\*" />
    <ClInclude Include="include\glm\**\*" />
    <ClInclude Include="include\glm\**\*" />
    <ClInclude Include="include\glm\**\*" />
    <ClInclude Include="include\glm\**\*" />
    <ClInclude Include="include\glm\**\*" />
    <ClInclude Include="include\glm\**\*" />
    <ClInclude Include="include\glm\**\*" />
    <ClInclude Include="include\glm\**\*" />
    <ClInclude Include="include\glm\**\*" />
    <ClInclude Include="include\glm\**\*" />
    <ClInclude Include="include\glm\**\*" />
    <ClInclude Include="include\glm\**\*" />
    <ClInclude Include="include\glm\**\*" />
    <ClInclude Include="include\glm\**\*" />
    <ClInclude Include="include\glm\**\*" />
    <ClInclude Include="include\glm\**\*" />
    <ClInclude Include="include\glm\**\*" />
    <ClInclude Include="include\glm\**\*" />
    <ClInclude Include="include\glm\**\*" />
    <ClInclude Include="include\glm\**\*" />
    <ClInclude Include="include\glm\**\*" />
    <ClInclude Include="include\glm\**\*" />
    <ClInclude Include="include\glm\**\*" />
    <ClInclude Include="include\glm\**\*" />
    <ClInclude Include="include\glm\**\*" />
    <ClInclude Include="include\glm\**\*" />
    <ClInclude Include="include\glm\**\*" />
    <ClInclude Include="include\glm\**\*" />
    <ClInclude Include="include\glm\**\*" />
    <ClInclude Include="include\glm\**\*" />
    <ClInclude Include="include\glm\**\*" />
    <ClInclude Include="include\glm\**\*" />
    <ClInclude Include="include\glm\**\*" />
    <ClInclude Include="include\glm\**\*" />
    <ClInclude Include="include\glm\**\*" />
    <ClInclude Include="include\glm\**\*" />
    <ClInclude Include="include\glm\**\*" />
    <ClInclude Include="include\glm\**\*" />
    <ClInclude Include="include\glm\**\*" />
    <ClInclude Include="include\glm\**\*" />
    <ClInclude Include="include\glm\**\*" />
    <ClInclude Include="include\glm\**\*" />
    <ClInclude Include="include\glm\**\*" />
    <ClInclude Include="include\glm\**\*" />
    <ClInclude Include="include\glm\**\*" />
    <ClInclude Include="include\glm\**\*" />
    <ClInclude Include="include\glm\**\*" />
    <ClInclude Include="include\glm\**\*" />
    <ClInclude Include="include\glm\**\*" />
    <ClInclude Include="include\glm\**\*" />
    <ClInclude Include="include\glm\**\*" />
    <ClInclude Include="include\glm\**\*" />
    <ClInclude Include="include\glm\**\*" />
    <ClInclude Include="include\glm\**\*" />
    <ClInclude Include="include\glm\**\*" />
    <ClInclude Include="include\glm\**\*" />
    <ClInclude Include="include\glm\**\*" />
    <ClInclude Include="include\glm\**\*" />
    <ClInclude Include="include\glm\**\*" />
    <ClInclude Include="include\glm\**\*" />
    <ClInclude Include="include\glm\**\*" />
    <ClInclude Include="include\glm\**\*" />
    <ClInclude Include="include\glm\**\*" />
    <ClInclude Include="include\glm\**\*" />
    <ClInclude Include="include\glm\**\*" />
    <ClInclude Include="include\glm\**\*" />
    <ClInclude Include="include\glm\**\*" />
    <ClInclude Include="include\glm\**\*" />
    <ClInclude Include="include\glm\**\*" />
    <ClInclude Include="include\glm\**\*" />
    <ClInclude Include="include\glm\**\*" />
    <ClInclude Include="include\glm\**\*" />
    <ClInclude Include="include\glm\**\*" />
    <ClInclude Include="include\glm\**\*" />
    <ClInclude Include="include\glm\**\*" />
    <ClInclude Include="include\glm\**\*" />
    <ClInclude Include="include\glm\**\*" />
    <ClInclude Include="include\glm\**\*" />
    <ClInclude Include="include\glm\**\*" />
    <ClInclude Include="include\glm\**\*" />
    <ClInclude Include="include\glm\**\*" />
    <ClInclude Include="include\glm\**\*" />
    <ClInclude Include="include\glm\**\*" />
    <ClInclude Include="include\glm\**\*" />
    <ClInclude Include="include\glm\**\*" />
    <ClInclude Include="include\glm\**\*" />
    <ClInclude Include="include\glm\**\*" />
    <ClInclude Include="include\glm\**\*" />
    <ClInclude Include="include\glm\**\*" />
    <ClInclude Include="include\glm\**\*" />
    <ClInclude Include="include\glm\**\*" />
    <ClInclude Include="include\glm\**\*" />
    <ClInclude Include="include\glm\**\*" />
    <ClInclude Include="include\glm\**\*" />
    <ClInclude Include="include\glm\**\*" />
    <ClInclude Include="include\glm\**\*" />
    <ClInclude Include="include\glm\**\*" />
    <ClInclude Include="include\glm\**\*" />
    <ClInclude Include="include\glm\**\*" />
    <ClInclude Include="include\glm\**\*" />
    <ClInclude Include="include\glm\**\*" />
    <ClInclude Include="include\glm\**\*" />
    <ClInclude Include="include\glm\**\*" />
    <ClInclude Include="include\glm\**\*" />
    <ClInclude Include="include\glm\**\*" />
    <ClInclude Include="include\glm\**\*" />
    <ClInclude Include="include\glm\**\*" />
    <ClInclude Include="include\glm\**\*" />
    <ClInclude Include="include\glm\**\*" />
    <ClInclude Include="include\glm\**\*" />
    <ClInclude Include="include\glm\**\*" />
    <ClInclude Include="include\glm\**\*" />
    <ClInclude Include="include\glm\**\*" />
    <ClInclude Include="include\glm\**\*" />
    <ClInclude Include="include\glm\**\*" />
    <ClInclude Include="include\glm\**\*" />
    <ClInclude Include="include\glm\**\*" />
    <ClInclude Include="include\glm\**\*" />
    <ClInclude Include="include\glm\**\*" />
    <ClInclude Include="include\glm\**\*" />
    <ClInclude Include="include\glm\**\*" />
    <ClInclude Include="include\glm\**\*" />
    <ClInclude Include="include\glm\**\*" />
    <ClInclude Include="include\glm\**\*" />
    <ClInclude Include="include\glm\**\*" />
    <ClInclude Include="include\glm\**\*" />
    <ClInclude Include="include\glm\**\*" />
    <ClInclude Include="include\glm\**\*" />
    <ClInclude Include="include\glm\**\*" />
    <ClInclude Include="include\glm\**\*" />
    <ClInclude Include="include\glm\**\*" />
    <ClInclude Include="include\glm\**\*" />
    <ClInclude Include="include\glm\**\*" />
    <ClInclude Include="include\glm\**\*" />
    <ClInclude Include="include\glm\**\*" />
    <ClInclude Include="include\glm\**\*" />
    <ClInclude Include="include\glm\**\*" />
    <ClInclude Include="include\glm\**\*" />
    <ClInclude Include="include\glm\**\*" />
    <ClInclude Include="include\glm\**\*" />
    <ClInclude Include="include\glm\**\*" />
    <ClInclude Include="include\glm\**\*" />
    <ClInclude Include="include\glm\**\*" />
    <ClInclude Include="include\glm\**\*" />
    <ClInclude Include="include\glm\**\*" />
    <ClInclude Include="include\glm\**\*" />
    <ClInclude Include="include\glm\**\*" />
    <ClInclude Include="include\glm\**\*" />
    <ClInclude Include="include\glm\**\*" />
    <ClInclude Include="include\glm\**\*" />
    <ClInclude Include="include\glm\**\*" />
    <ClInclude Include="include\glm\**\*" />
    <ClInclude Include="include\glm\**\*" />
    <ClInclude Include="include\glm\**\*" />
    <ClInclude Include="include\glm\**\*" />
    <ClInclude Include="include\glm\**\*" />
    <ClInclude Include="include\glm\**\*" />
    <ClInclude Include="include\glm\**\*" />
    <ClInclude Include="include\glm\**\*" />
    <ClInclude Include="include\glm\**\*" />
    <ClInclude Include="include\glm\**\*" />
    <ClInclude Include="include\glm\**\*" />
    <ClInclude Include="include\glm\**\*" />
    <ClInclude Include="include\glm\**\*" />
    <ClInclude Include="include\glm\**\*" />
    <ClInclude Include="include\glm\**\*" />
    <ClInclude Include="include\glm\**\*" />
    <ClInclude Include="include\glm\**\*" />
    <ClInclude Include="include\glm\**\*" />
    <ClInclude Include="include\glm\**\*" />
    <ClInclude Include="include\glm\**\*" />
    <ClInclude Include="include\glm\**\*" />
    <ClInclude Include="include\glm\**\*" />
    <ClInclude Include="include\glm\**\*" />
    <ClInclude Include="include\glm\**\*" />
    <ClInclude Include="include\glm\**\*" />
    <ClInclude Include="include\glm\**\*" />
    <ClInclude Include="include\glm\**\*" />
    <ClInclude Include="include\glm\**\*" />
    <ClInclude Include="include\glm\**\*" />
    <ClInclude Include="include\glm\**\*" />
    <ClInclude Include="include\glm\**\*" />
    <ClInclude Include="include\glm\**\*" />
    <ClInclude Include="include\glm\**\*" />
    <ClInclude Include="include\glm\**\*" />
    <ClInclude Include="include\glm\**\*" />
    <ClInclude Include="include\glm\**\*" />
    <ClInclude Include="include\glm\**\*" />
    <ClInclude Include="include\glm\**\*" />
    <ClInclude Include="include\glm\**\*" />
    <ClInclude Include="include\glm\**\*" />
    <ClInclude Include="include\glm\**\*" />
    <ClInclude Include="include\glm\**\*" />
    <ClInclude Include="include\glm\**\*" />
    <ClInclude Include="include\glm\**\*" />
    <ClInclude Include="include\glm\**\*" />
    <ClInclude Include="include\glm\**\*" />
    <ClInclude Include="include\glm\**\*" />
    <ClInclude Include="include\glm\**\*" />
    <ClInclude Include="include\glm\**\*" />
    <ClInclude Include="include\glm\**\*" />
    <ClInclude Include="include\glm\**\*" />
    <ClInclude Include="include\glm\**\*" />
    <ClInclude Include="include\glm\**\*" />
    <ClInclude Include="include\glm\**\*" />
    <ClInclude Include="include\glm\**\*" />
    <ClInclude Include="include\glm\**\*" />
    <ClInclude Include="include\glm\**\*" />
    <ClInclude Include="include\glm\**\*" />
    <ClInclude Include="include\glm\**\*" />
    <ClInclude Include="include\glm\**\*" />
    <ClInclude Include="include\glm\**\*" />
    <ClInclude Include="include\glm\**\*" />
    <ClInclude Include="include\glm\**\*" />
    <ClInclude Include="include\glm\**\*" />
    <ClInclude Include="include\glm\**\*" />
    <ClInclude Include="include\glm\**\*" />
    <ClInclude Include="include\glm\**\*" />
    <ClInclude Include="include\glm\**\*" />
    <ClInclude Include="include\glm\**\*" />
    <ClInclude Include="include\glm\**\*" />
    <ClInclude Include="include\glm\**\*" />
    <ClInclude Include="include\glm\**\*" />
    <ClInclude Include="include\glm\**\*" />
    <ClInclude Include="include\glm\**\*" />
    <ClInclude Include="include\glm\**\*" />
    <ClInclude Include="include\glm\**\*" />
    <ClInclude Include="include\common\camera.h" />
  </ItemGroup>
  <ItemGroup>
    <Image Include="resources\container.jpg">
      <Filter>Resource</Filter>
    </Image>
  </ItemGroup>
</Project>